
Microsoft Visual Studio Solution File, Format Version 12.00
# Visual Studio Version 17
VisualStudioVersion = 17.10.35004.147
MinimumVisualStudioVersion = 10.0.40219.1
Project("{8BC9CEB8-8B4A-11D0-8D11-00A0C91BC942}") = "bai9", "bai9.vcxproj", "{8579391D-0207-42EF-AE71-F7FD74B526FD}"
EndProject
Global
	GlobalSection(SolutionConfigurationPlatforms) = preSolution
		Debug|x64 = Debug|x64
		Debug|x86 = Debug|x86
		Release|x64 = Release|x64
		Release|x86 = Release|x86
	EndGlobalSection
	GlobalSection(ProjectConfigurationPlatforms) = postSolution
		{8579391D-0207-42EF-AE71-F7FD74B526FD}.Debug|x64.ActiveCfg = Debug|x64
		{8579391D-0207-42EF-AE71-F7FD74B526FD}.Debug|x64.Build.0 = Debug|x64
		{8579391D-0207-42EF-AE71-F7FD74B526FD}.Debug|x86.ActiveCfg = Debug|Win32
		{8579391D-0207-42EF-AE71-F7FD74B526FD}.Debug|x86.Build.0 = Debug|Win32
		{8579391D-0207-42EF-AE71-F7FD74B526FD}.Release|x64.ActiveCfg = Release|x64
		{8579391D-0207-42EF-AE71-F7FD74B526FD}.Release|x64.Build.0 = Release|x64
		{8579391D-0207-42EF-AE71-F7FD74B526FD}.Release|x86.ActiveCfg = Release|Win32
		{8579391D-0207-42EF-AE71-F7FD74B526FD}.Release|x86.Build.0 = Release|Win32
	EndGlobalSection
	GlobalSection(SolutionProperties) = preSolution
		HideSolutionNode = FALSE
	EndGlobalSection
	GlobalSection(ExtensibilityGlobals) = postSolution
		SolutionGuid = {4B576AD5-1B3E-49BB-A081-6BE1BFA598E7}
	EndGlobalSection
EndGlobal
